
Microsoft Visual Studio Solution File, Format Version 12.00
# Visual Studio Version 17
VisualStudioVersion = 17.4.33213.308
MinimumVisualStudioVersion = 10.0.40219.1
Project("{FAE04EC0-301F-11D3-BF4B-00C04F79EFBC}") = "nxtologinsystem", "nxtologinsystem\nxtologinsystem.csproj", "{B899AF92-7C91-418F-BFD1-45CEDE82A0A1}"
EndProject
Global
	GlobalSection(SolutionConfigurationPlatforms) = preSolution
		Debug|Any CPU = Debug|Any CPU
		Release|Any CPU = Release|Any CPU
	EndGlobalSection
	GlobalSection(ProjectConfigurationPlatforms) = postSolution
		{B899AF92-7C91-418F-BFD1-45CEDE82A0A1}.Debug|Any CPU.ActiveCfg = Debug|Any CPU
		{B899AF92-7C91-418F-BFD1-45CEDE82A0A1}.Debug|Any CPU.Build.0 = Debug|Any CPU
		{B899AF92-7C91-418F-BFD1-45CEDE82A0A1}.Release|Any CPU.ActiveCfg = Release|Any CPU
		{B899AF92-7C91-418F-BFD1-45CEDE82A0A1}.Release|Any CPU.Build.0 = Release|Any CPU
	EndGlobalSection
	GlobalSection(SolutionProperties) = preSolution
		HideSolutionNode = FALSE
	EndGlobalSection
	GlobalSection(ExtensibilityGlobals) = postSolution
		SolutionGuid = {77228986-1D42-4D0C-A7D5-DA7F931236DE}
	EndGlobalSection
EndGlobal
